
Microsoft Visual Studio Solution File, Format Version 12.00
# Visual Studio Version 17
VisualStudioVersion = 17.11.35327.3
MinimumVisualStudioVersion = 10.0.40219.1
Project("{FAE04EC0-301F-11D3-BF4B-00C04F79EFBC}") = "QL", "QL\QL.csproj", "{B1C9BCC6-C7AC-440F-9D2D-407A5500D732}"
EndProject
Global
	GlobalSection(SolutionConfigurationPlatforms) = preSolution
		Debug|Any CPU = Debug|Any CPU
		Release|Any CPU = Release|Any CPU
	EndGlobalSection
	GlobalSection(ProjectConfigurationPlatforms) = postSolution
		{B1C9BCC6-C7AC-440F-9D2D-407A5500D732}.Debug|Any CPU.ActiveCfg = Debug|Any CPU
		{B1C9BCC6-C7AC-440F-9D2D-407A5500D732}.Debug|Any CPU.Build.0 = Debug|Any CPU
		{B1C9BCC6-C7AC-440F-9D2D-407A5500D732}.Release|Any CPU.ActiveCfg = Release|Any CPU
		{B1C9BCC6-C7AC-440F-9D2D-407A5500D732}.Release|Any CPU.Build.0 = Release|Any CPU
	EndGlobalSection
	GlobalSection(SolutionProperties) = preSolution
		HideSolutionNode = FALSE
	EndGlobalSection
	GlobalSection(ExtensibilityGlobals) = postSolution
		SolutionGuid = {B7F030CA-03D8-47C7-80C2-EEFB69263C31}
	EndGlobalSection
EndGlobal
